# THIS IS AN AUTOGENERATED FILE. DO NOT EDIT THIS FILE DIRECTLY.
# yarn lockfile v1


commander@^3.0.1:
  version "3.0.1"
  resolved "https://registry.yarnpkg.com/commander/-/commander-3.0.1.tgz#4595aec3530525e671fb6f85fb173df8ff8bf57a"
  integrity sha512-UNgvDd+csKdc9GD4zjtkHKQbT8Aspt2jCBqNSPp53vAS0L1tS9sXB2TCEOPHJ7kt9bN/niWkYj8T3RQSoMXdSQ==

printj@^1.2.2:
  version "1.2.2"
  resolved "https://registry.yarnpkg.com/printj/-/printj-1.2.2.tgz#620eb0f07509394545fe82f97fe73baa8ad86992"
  integrity sha512-dx9nIry0Z12s5oebhenDCFQjj/IMVotLMbvFP6OJ+C3v+EV30mtYoj6QtaulFo+DbWCbpEeaqcLYMh6CRuVjsA==
